
Microsoft Visual Studio Solution File, Format Version 12.00
# Visual Studio Version 17
VisualStudioVersion = 17.1.32210.238
MinimumVisualStudioVersion = 10.0.40219.1
Project("{2150E333-8FDC-42A3-9474-1A3956D46DE8}") = "Applications", "Applications", "{FB3F87AF-1978-41CC-BCF6-C65B26784F0C}"
EndProject
Project("{2150E333-8FDC-42A3-9474-1A3956D46DE8}") = "DataStructes", "DataStructes", "{62896B2E-AAC3-4F8E-A5F9-0649E3B0B8A0}"
EndProject
Project("{2150E333-8FDC-42A3-9474-1A3956D46DE8}") = "Tests", "Tests", "{8FAD915F-6726-4629-829A-185EEB9C50D8}"
EndProject
Project("{2150E333-8FDC-42A3-9474-1A3956D46DE8}") = "ApplicationTest", "ApplicationTest", "{E37EF708-180D-4045-91F9-5F7A84240F9A}"
EndProject
Project("{9A19103F-16F7-4668-BE54-9A1E7A4F7556}") = "LimitsTest", "Test1\LimitsTest.csproj", "{AF8FAF95-5AF0-4600-9EE3-FC7A87B94A6F}"
EndProject
Project("{9A19103F-16F7-4668-BE54-9A1E7A4F7556}") = "Max_min", "Max_min\Max_min.csproj", "{A6BA1BB7-23CA-4F69-802A-2E0B7921F396}"
EndProject
Project("{FAE04EC0-301F-11D3-BF4B-00C04F79EFBC}") = "ValueAndReferenceTypes", "ValueAndReference Types\ValueAndReferenceTypes.csproj", "{E18274B3-97D3-4CC4-ACEB-A9C319B32D56}"
EndProject
Project("{FAE04EC0-301F-11D3-BF4B-00C04F79EFBC}") = "ValueAndReferenceTypesTests", "ValueAndReferenceTypesTests\ValueAndReferenceTypesTests.csproj", "{21AEBAE1-7ADF-4353-A6D7-3F4AFB052547}"
EndProject
Global
	GlobalSection(SolutionConfigurationPlatforms) = preSolution
		Debug|Any CPU = Debug|Any CPU
		Release|Any CPU = Release|Any CPU
	EndGlobalSection
	GlobalSection(ProjectConfigurationPlatforms) = postSolution
		{AF8FAF95-5AF0-4600-9EE3-FC7A87B94A6F}.Debug|Any CPU.ActiveCfg = Debug|Any CPU
		{AF8FAF95-5AF0-4600-9EE3-FC7A87B94A6F}.Debug|Any CPU.Build.0 = Debug|Any CPU
		{AF8FAF95-5AF0-4600-9EE3-FC7A87B94A6F}.Release|Any CPU.ActiveCfg = Release|Any CPU
		{AF8FAF95-5AF0-4600-9EE3-FC7A87B94A6F}.Release|Any CPU.Build.0 = Release|Any CPU
		{A6BA1BB7-23CA-4F69-802A-2E0B7921F396}.Debug|Any CPU.ActiveCfg = Debug|Any CPU
		{A6BA1BB7-23CA-4F69-802A-2E0B7921F396}.Debug|Any CPU.Build.0 = Debug|Any CPU
		{A6BA1BB7-23CA-4F69-802A-2E0B7921F396}.Release|Any CPU.ActiveCfg = Release|Any CPU
		{A6BA1BB7-23CA-4F69-802A-2E0B7921F396}.Release|Any CPU.Build.0 = Release|Any CPU
		{E18274B3-97D3-4CC4-ACEB-A9C319B32D56}.Debug|Any CPU.ActiveCfg = Debug|Any CPU
		{E18274B3-97D3-4CC4-ACEB-A9C319B32D56}.Debug|Any CPU.Build.0 = Debug|Any CPU
		{E18274B3-97D3-4CC4-ACEB-A9C319B32D56}.Release|Any CPU.ActiveCfg = Release|Any CPU
		{E18274B3-97D3-4CC4-ACEB-A9C319B32D56}.Release|Any CPU.Build.0 = Release|Any CPU
		{21AEBAE1-7ADF-4353-A6D7-3F4AFB052547}.Debug|Any CPU.ActiveCfg = Debug|Any CPU
		{21AEBAE1-7ADF-4353-A6D7-3F4AFB052547}.Debug|Any CPU.Build.0 = Debug|Any CPU
		{21AEBAE1-7ADF-4353-A6D7-3F4AFB052547}.Release|Any CPU.ActiveCfg = Release|Any CPU
		{21AEBAE1-7ADF-4353-A6D7-3F4AFB052547}.Release|Any CPU.Build.0 = Release|Any CPU
	EndGlobalSection
	GlobalSection(SolutionProperties) = preSolution
		HideSolutionNode = FALSE
	EndGlobalSection
	GlobalSection(NestedProjects) = preSolution
		{E37EF708-180D-4045-91F9-5F7A84240F9A} = {8FAD915F-6726-4629-829A-185EEB9C50D8}
		{AF8FAF95-5AF0-4600-9EE3-FC7A87B94A6F} = {E37EF708-180D-4045-91F9-5F7A84240F9A}
		{A6BA1BB7-23CA-4F69-802A-2E0B7921F396} = {FB3F87AF-1978-41CC-BCF6-C65B26784F0C}
		{E18274B3-97D3-4CC4-ACEB-A9C319B32D56} = {FB3F87AF-1978-41CC-BCF6-C65B26784F0C}
		{21AEBAE1-7ADF-4353-A6D7-3F4AFB052547} = {E37EF708-180D-4045-91F9-5F7A84240F9A}
	EndGlobalSection
	GlobalSection(ExtensibilityGlobals) = postSolution
		SolutionGuid = {512EF4C5-9AD0-4146-8237-4834DBE0029B}
	EndGlobalSection
EndGlobal
